
Microsoft Visual Studio Solution File, Format Version 12.00
# Visual Studio Version 17
VisualStudioVersion = 17.14.36301.6
MinimumVisualStudioVersion = 10.0.40219.1
Project("{2150E333-8FDC-42A3-9474-1A3956D46DE8}") = "src", "src", "{02EA681E-C7D8-13C7-8484-4AC65E1B71E8}"
EndProject
Project("{2150E333-8FDC-42A3-9474-1A3956D46DE8}") = "Services", "Services", "{52C0FA9E-FD95-4482-9380-580EE698C8D1}"
EndProject
Project("{2150E333-8FDC-42A3-9474-1A3956D46DE8}") = "Firm", "Firm", "{B9E92578-3123-4B70-8FA7-EB0BDB96D333}"
EndProject
Project("{2150E333-8FDC-42A3-9474-1A3956D46DE8}") = "Core", "Core", "{52474209-8764-44ED-8CF9-4F69C6065C97}"
EndProject
Project("{FAE04EC0-301F-11D3-BF4B-00C04F79EFBC}") = "Firm.Domain", "src\Services\Firm\Core\Firm.Domain\Firm.Domain\Firm.Domain.csproj", "{606025A3-2152-4855-B826-E92B5E7C224B}"
EndProject
Project("{2150E333-8FDC-42A3-9474-1A3956D46DE8}") = "Common", "Common", "{870D1B74-2C5D-4999-9FAD-E019759021AF}"
EndProject
Project("{FAE04EC0-301F-11D3-BF4B-00C04F79EFBC}") = "Shared", "src\Common\Shared\Shared.csproj", "{67AEE2A6-C2E9-4D0E-9148-EE6E427D43E5}"
EndProject
Project("{2150E333-8FDC-42A3-9474-1A3956D46DE8}") = "Client", "Client", "{40AB5B87-E7C9-4864-9FBA-5443728AC835}"
EndProject
Project("{FAE04EC0-301F-11D3-BF4B-00C04F79EFBC}") = "Firm.Application", "src\Services\Firm\Core\Firm.Application\Firm.Application.csproj", "{81C28AF8-1B28-41EE-994B-04C520EBDE0D}"
EndProject
Project("{FAE04EC0-301F-11D3-BF4B-00C04F79EFBC}") = "Firm.Infrastructure", "src\Services\Firm\Firm.Infrastructure\Firm.Infrastructure.csproj", "{AB1E8C6F-CF29-4C59-A66E-5264EF500523}"
EndProject
Project("{FAE04EC0-301F-11D3-BF4B-00C04F79EFBC}") = "Firm.WebAPI", "src\Services\Firm\Firm.WebAPI\Firm.WebAPI.csproj", "{F6CDC0DE-618D-4E9F-9FB9-69A05AB06156}"
EndProject
Project("{2150E333-8FDC-42A3-9474-1A3956D46DE8}") = "AI", "AI", "{E59CF3B8-366C-46EC-8C3D-D6ACC05928F9}"
EndProject
Project("{2150E333-8FDC-42A3-9474-1A3956D46DE8}") = "Core", "Core", "{3FB1F89C-BECF-4703-A1FD-461477EA3F76}"
EndProject
Project("{FAE04EC0-301F-11D3-BF4B-00C04F79EFBC}") = "AI.Domain", "src\Services\AI\Core\AI.Domain\AI.Domain.csproj", "{C0A89A8B-745A-486E-9AC6-3765847DBA9F}"
EndProject
Global
	GlobalSection(SolutionConfigurationPlatforms) = preSolution
		Debug|Any CPU = Debug|Any CPU
		Release|Any CPU = Release|Any CPU
	EndGlobalSection
	GlobalSection(ProjectConfigurationPlatforms) = postSolution
		{606025A3-2152-4855-B826-E92B5E7C224B}.Debug|Any CPU.ActiveCfg = Debug|Any CPU
		{606025A3-2152-4855-B826-E92B5E7C224B}.Debug|Any CPU.Build.0 = Debug|Any CPU
		{606025A3-2152-4855-B826-E92B5E7C224B}.Release|Any CPU.ActiveCfg = Release|Any CPU
		{606025A3-2152-4855-B826-E92B5E7C224B}.Release|Any CPU.Build.0 = Release|Any CPU
		{67AEE2A6-C2E9-4D0E-9148-EE6E427D43E5}.Debug|Any CPU.ActiveCfg = Debug|Any CPU
		{67AEE2A6-C2E9-4D0E-9148-EE6E427D43E5}.Debug|Any CPU.Build.0 = Debug|Any CPU
		{67AEE2A6-C2E9-4D0E-9148-EE6E427D43E5}.Release|Any CPU.ActiveCfg = Release|Any CPU
		{67AEE2A6-C2E9-4D0E-9148-EE6E427D43E5}.Release|Any CPU.Build.0 = Release|Any CPU
		{81C28AF8-1B28-41EE-994B-04C520EBDE0D}.Debug|Any CPU.ActiveCfg = Debug|Any CPU
		{81C28AF8-1B28-41EE-994B-04C520EBDE0D}.Debug|Any CPU.Build.0 = Debug|Any CPU
		{81C28AF8-1B28-41EE-994B-04C520EBDE0D}.Release|Any CPU.ActiveCfg = Release|Any CPU
		{81C28AF8-1B28-41EE-994B-04C520EBDE0D}.Release|Any CPU.Build.0 = Release|Any CPU
		{AB1E8C6F-CF29-4C59-A66E-5264EF500523}.Debug|Any CPU.ActiveCfg = Debug|Any CPU
		{AB1E8C6F-CF29-4C59-A66E-5264EF500523}.Debug|Any CPU.Build.0 = Debug|Any CPU
		{AB1E8C6F-CF29-4C59-A66E-5264EF500523}.Release|Any CPU.ActiveCfg = Release|Any CPU
		{AB1E8C6F-CF29-4C59-A66E-5264EF500523}.Release|Any CPU.Build.0 = Release|Any CPU
		{F6CDC0DE-618D-4E9F-9FB9-69A05AB06156}.Debug|Any CPU.ActiveCfg = Debug|Any CPU
		{F6CDC0DE-618D-4E9F-9FB9-69A05AB06156}.Debug|Any CPU.Build.0 = Debug|Any CPU
		{F6CDC0DE-618D-4E9F-9FB9-69A05AB06156}.Release|Any CPU.ActiveCfg = Release|Any CPU
		{F6CDC0DE-618D-4E9F-9FB9-69A05AB06156}.Release|Any CPU.Build.0 = Release|Any CPU
		{C0A89A8B-745A-486E-9AC6-3765847DBA9F}.Debug|Any CPU.ActiveCfg = Debug|Any CPU
		{C0A89A8B-745A-486E-9AC6-3765847DBA9F}.Debug|Any CPU.Build.0 = Debug|Any CPU
		{C0A89A8B-745A-486E-9AC6-3765847DBA9F}.Release|Any CPU.ActiveCfg = Release|Any CPU
		{C0A89A8B-745A-486E-9AC6-3765847DBA9F}.Release|Any CPU.Build.0 = Release|Any CPU
	EndGlobalSection
	GlobalSection(SolutionProperties) = preSolution
		HideSolutionNode = FALSE
	EndGlobalSection
	GlobalSection(NestedProjects) = preSolution
		{52C0FA9E-FD95-4482-9380-580EE698C8D1} = {02EA681E-C7D8-13C7-8484-4AC65E1B71E8}
		{B9E92578-3123-4B70-8FA7-EB0BDB96D333} = {52C0FA9E-FD95-4482-9380-580EE698C8D1}
		{52474209-8764-44ED-8CF9-4F69C6065C97} = {B9E92578-3123-4B70-8FA7-EB0BDB96D333}
		{606025A3-2152-4855-B826-E92B5E7C224B} = {52474209-8764-44ED-8CF9-4F69C6065C97}
		{870D1B74-2C5D-4999-9FAD-E019759021AF} = {02EA681E-C7D8-13C7-8484-4AC65E1B71E8}
		{67AEE2A6-C2E9-4D0E-9148-EE6E427D43E5} = {870D1B74-2C5D-4999-9FAD-E019759021AF}
		{40AB5B87-E7C9-4864-9FBA-5443728AC835} = {02EA681E-C7D8-13C7-8484-4AC65E1B71E8}
		{81C28AF8-1B28-41EE-994B-04C520EBDE0D} = {52474209-8764-44ED-8CF9-4F69C6065C97}
		{AB1E8C6F-CF29-4C59-A66E-5264EF500523} = {B9E92578-3123-4B70-8FA7-EB0BDB96D333}
		{F6CDC0DE-618D-4E9F-9FB9-69A05AB06156} = {B9E92578-3123-4B70-8FA7-EB0BDB96D333}
		{E59CF3B8-366C-46EC-8C3D-D6ACC05928F9} = {52C0FA9E-FD95-4482-9380-580EE698C8D1}
		{3FB1F89C-BECF-4703-A1FD-461477EA3F76} = {E59CF3B8-366C-46EC-8C3D-D6ACC05928F9}
		{C0A89A8B-745A-486E-9AC6-3765847DBA9F} = {3FB1F89C-BECF-4703-A1FD-461477EA3F76}
	EndGlobalSection
	GlobalSection(ExtensibilityGlobals) = postSolution
		SolutionGuid = {B20800A1-061F-409D-9448-FADCF9FA6988}
	EndGlobalSection
EndGlobal
